{
    "_readme": [
        "This file locks the dependencies of your project to a known state",
        "Read more about it at https://getcomposer.org/doc/01-basic-usage.md#installing-dependencies",
        "This file is @generated automatically"
    ],
    "content-hash": "733efcdb95cc1fa37a2333fd8d8eb62a",
    "packages": [
        {
            "name": "andri-sudarmawijaya/codeigniter-smarty-acl",
            "version": "V1.3.alpha",
            "source": {
                "type": "git",
                "url": "https://github.com/andri-sudarmawijaya/codeigniter-smarty-acl.git",
                "reference": "7d5c05321a447ce8fe6254ee2553ff49f81fce55"
            },
            "dist": {
                "type": "zip",
                "url": "https://api.github.com/repos/andri-sudarmawijaya/codeigniter-smarty-acl/zipball/7d5c05321a447ce8fe6254ee2553ff49f81fce55",
                "reference": "7d5c05321a447ce8fe6254ee2553ff49f81fce55",
                "shasum": ""
            },
            "require": {
                "oomphinc/composer-installers-extender": "^2.0"
            },
            "type": "codeigniter-third-party",
            "extra": {
                "installer-paths": {
                    "application/third-party/": [
                        "type:codeigniter-third-party"
                    ]
                }
            },
            "autoload": {
                "psr-4": {
                    "AndriSudarmawijaya\\CodeigniterSmartyAcl\\": "src/"
                }
            },
            "notification-url": "https://packagist.org/downloads/",
            "license": [
                "MIT"
            ],
            "authors": [
                {
                    "name": "Rubens Rocha",
                    "homepage": "https://github.com/rubensrocha/codeigniter-smarty-acl"
                }
            ],
            "description": "Lightweight Auth System with ACL for CodeIgniter 3",
            "support": {
                "source": "https://github.com/andri-sudarmawijaya/codeigniter-smarty-acl/tree/V1.3.alpha"
            },
            "time": "2021-08-16T01:35:29+00:00"
        },
        {
            "name": "andri-sudarmawijaya/jquery",
            "version": "3.5.1",
            "source": {
                "type": "git",
                "url": "https://github.com/andri-sudarmawijaya/jquery.git",
                "reference": "b33e8f0f9a1cb2ae390cf05d766a900b53d2125b"
            },
            "dist": {
                "type": "zip",
                "url": "https://api.github.com/repos/andri-sudarmawijaya/jquery/zipball/b33e8f0f9a1cb2ae390cf05d766a900b53d2125b",
                "reference": "b33e8f0f9a1cb2ae390cf05d766a900b53d2125b",
                "shasum": ""
            },
            "type": "component",
            "extra": {
                "component": {
                    "scripts": [
                        "jquery.js"
                    ],
                    "files": [
                        "jquery.min.js",
                        "jquery.min.map",
                        "jquery.slim.js",
                        "jquery.slim.min.js",
                        "jquery.slim.min.map"
                    ]
                }
            },
            "notification-url": "https://packagist.org/downloads/",
            "license": [
                "MIT"
            ],
            "authors": [
                {
                    "name": "JS Foundation and other contributors"
                }
            ],
            "description": "jQuery JavaScript Library",
            "homepage": "http://jquery.com",
            "support": {
                "forum": "http://forum.jquery.com",
                "irc": "irc://irc.freenode.org/jquery",
                "issues": "https://github.com/jquery/jquery/issues",
                "source": "https://github.com/jquery/jquery",
                "wiki": "http://docs.jquery.com/"
            },
            "time": "2020-05-05T13:21:02+00:00"
        },
        {
            "name": "andri-sudarmawijaya/theme-core-ui",
            "version": "dev-master",
            "source": {
                "type": "git",
                "url": "https://github.com/andri-sudarmawijaya/theme-core-ui.git",
                "reference": "602208bd637e35b874f690c7170b2b08f806483d"
            },
            "dist": {
                "type": "zip",
                "url": "https://api.github.com/repos/andri-sudarmawijaya/theme-core-ui/zipball/602208bd637e35b874f690c7170b2b08f806483d",
                "reference": "602208bd637e35b874f690c7170b2b08f806483d",
                "shasum": ""
            },
            "require": {
                "coreui/coreui": "^4.0",
                "datatables/datatables": "^1.10",
                "fortawesome/font-awesome": " ^5.15",
                "snapappointments/bootstrap-select": " ^1.13",
                "twbs/bootstrap": "^4.0"
            },
            "default-branch": true,
            "type": "codeigniter-views",
            "autoload": {
                "psr-4": {
                    "AndriSudarmawijaya\\ThemeCoreUi\\": "src/"
                }
            },
            "notification-url": "https://packagist.org/downloads/",
            "license": [
                "MIT"
            ],
            "authors": [
                {
                    "name": "Andri Sudarmawijaya",
                    "email": "andri.sudarmawijaya@gmail.com"
                }
            ],
            "description": "CodeIginter 3 Theme Based on Core UI",
            "support": {
                "issues": "https://github.com/andri-sudarmawijaya/theme-core-ui/issues",
                "source": "https://github.com/andri-sudarmawijaya/theme-core-ui/tree/v0.0.1"
            },
            "time": "2021-08-15T16:04:51+00:00"
        },
        {
            "name": "codeigniter/framework",
            "version": "3.1.11",
            "source": {
                "type": "git",
                "url": "https://github.com/bcit-ci/CodeIgniter.git",
                "reference": "b73eb19aed66190c10c9cad476da7c36c271d6dc"
            },
            "dist": {
                "type": "zip",
                "url": "https://api.github.com/repos/bcit-ci/CodeIgniter/zipball/b73eb19aed66190c10c9cad476da7c36c271d6dc",
                "reference": "b73eb19aed66190c10c9cad476da7c36c271d6dc",
                "shasum": ""
            },
            "require": {
                "php": ">=5.3.7"
            },
            "require-dev": {
                "mikey179/vfsstream": "1.1.*",
                "phpunit/phpunit": "4.* || 5.*"
            },
            "suggest": {
                "paragonie/random_compat": "Provides better randomness in PHP 5.x"
            },
            "type": "project",
            "notification-url": "https://packagist.org/downloads/",
            "license": [
                "MIT"
            ],
            "description": "The CodeIgniter framework",
            "homepage": "https://codeigniter.com",
            "support": {
                "forum": "http://forum.codeigniter.com/",
                "issues": "https://github.com/bcit-ci/CodeIgniter/issues",
                "slack": "https://codeigniterchat.slack.com",
                "source": "https://github.com/bcit-ci/CodeIgniter",
                "wiki": "https://github.com/bcit-ci/CodeIgniter/wiki"
            },
            "time": "2019-09-19T12:08:45+00:00"
        },
        {
            "name": "composer/installers",
            "version": "v1.11.0",
            "source": {
                "type": "git",
                "url": "https://github.com/composer/installers.git",
                "reference": "ae03311f45dfe194412081526be2e003960df74b"
            },
            "dist": {
                "type": "zip",
                "url": "https://api.github.com/repos/composer/installers/zipball/ae03311f45dfe194412081526be2e003960df74b",
                "reference": "ae03311f45dfe194412081526be2e003960df74b",
                "shasum": ""
            },
            "require": {
                "composer-plugin-api": "^1.0 || ^2.0"
            },
            "replace": {
                "roundcube/plugin-installer": "*",
                "shama/baton": "*"
            },
            "require-dev": {
                "composer/composer": "1.6.* || ^2.0",
                "composer/semver": "^1 || ^3",
                "phpstan/phpstan": "^0.12.55",
                "phpstan/phpstan-phpunit": "^0.12.16",
                "symfony/phpunit-bridge": "^4.2 || ^5",
                "symfony/process": "^2.3"
            },
            "type": "composer-plugin",
            "extra": {
                "class": "Composer\\Installers\\Plugin",
                "branch-alias": {
                    "dev-main": "1.x-dev"
                }
            },
            "autoload": {
                "psr-4": {
                    "Composer\\Installers\\": "src/Composer/Installers"
                }
            },
            "notification-url": "https://packagist.org/downloads/",
            "license": [
                "MIT"
            ],
            "authors": [
                {
                    "name": "Kyle Robinson Young",
                    "email": "kyle@dontkry.com",
                    "homepage": "https://github.com/shama"
                }
            ],
            "description": "A multi-framework Composer library installer",
            "homepage": "https://composer.github.io/installers/",
            "keywords": [
                "Craft",
                "Dolibarr",
                "Eliasis",
                "Hurad",
                "ImageCMS",
                "Kanboard",
                "Lan Management System",
                "MODX Evo",
                "MantisBT",
                "Mautic",
                "Maya",
                "OXID",
                "Plentymarkets",
                "Porto",
                "RadPHP",
                "SMF",
                "Starbug",
                "Thelia",
                "Whmcs",
                "WolfCMS",
                "agl",
                "aimeos",
                "annotatecms",
                "attogram",
                "bitrix",
                "cakephp",
                "chef",
                "cockpit",
                "codeigniter",
                "concrete5",
                "croogo",
                "dokuwiki",
                "drupal",
                "eZ Platform",
                "elgg",
                "expressionengine",
                "fuelphp",
                "grav",
                "installer",
                "itop",
                "joomla",
                "known",
                "kohana",
                "laravel",
                "lavalite",
                "lithium",
                "magento",
                "majima",
                "mako",
                "mediawiki",
                "miaoxing",
                "modulework",
                "modx",
                "moodle",
                "osclass",
                "phpbb",
                "piwik",
                "ppi",
                "processwire",
                "puppet",
                "pxcms",
                "reindex",
                "roundcube",
                "shopware",
                "silverstripe",
                "sydes",
                "sylius",
                "symfony",
                "tastyigniter",
                "typo3",
                "wordpress",
                "yawik",
                "zend",
                "zikula"
            ],
            "support": {
                "issues": "https://github.com/composer/installers/issues",
                "source": "https://github.com/composer/installers/tree/v1.11.0"
            },
            "funding": [
                {
                    "url": "https://packagist.com",
                    "type": "custom"
                },
                {
                    "url": "https://github.com/composer",
                    "type": "github"
                },
                {
                    "url": "https://tidelift.com/funding/github/packagist/composer/composer",
                    "type": "tidelift"
                }
            ],
            "time": "2021-04-28T06:42:17+00:00"
        },
        {
            "name": "coreui/coreui",
            "version": "v4.0.1",
            "source": {
                "type": "git",
                "url": "https://github.com/coreui/coreui.git",
                "reference": "8e84bd5bd12f0ddcd55c4cce06c848a26e0625a8"
            },
            "dist": {
                "type": "zip",
                "url": "https://api.github.com/repos/coreui/coreui/zipball/8e84bd5bd12f0ddcd55c4cce06c848a26e0625a8",
                "reference": "8e84bd5bd12f0ddcd55c4cce06c848a26e0625a8",
                "shasum": ""
            },
            "replace": {
                "coreui/coreui": "self.version"
            },
            "type": "library",
            "notification-url": "https://packagist.org/downloads/",
            "license": [
                "MIT"
            ],
            "authors": [
                {
                    "name": "The CoreUI Team",
                    "homepage": "https://github.com/orgs/coreui/people"
                }
            ],
            "description": "The most popular front-end framework for developing responsive, mobile-first projects on the web rewritten and maintain by the CoreUI Team",
            "homepage": "https://coreui.io/",
            "keywords": [
                "JS",
                "css",
                "framework",
                "front-end",
                "mobile-first",
                "responsive",
                "sass",
                "web"
            ],
            "support": {
                "issues": "https://github.com/coreui/coreui/issues",
                "source": "https://github.com/coreui/coreui/tree/v4.0.1"
            },
            "funding": [
                {
                    "url": "https://coreui.io/pro/",
                    "type": "custom"
                }
            ],
            "time": "2021-07-05T14:56:15+00:00"
        },
        {
            "name": "datatables/datatables",
            "version": "1.10.21",
            "source": {
                "type": "git",
                "url": "https://github.com/DataTables/DataTables.git",
                "reference": "83e59694a105225ff889ddfa0d723a3ab24fda78"
            },
            "dist": {
                "type": "zip",
                "url": "https://api.github.com/repos/DataTables/DataTables/zipball/83e59694a105225ff889ddfa0d723a3ab24fda78",
                "reference": "83e59694a105225ff889ddfa0d723a3ab24fda78",
                "shasum": ""
            },
            "type": "library",
            "notification-url": "https://packagist.org/downloads/",
            "license": [
                "MIT"
            ],
            "description": "DataTables is a plug-in for the jQuery Javascript library. It is a highly flexible tool, based upon the foundations of progressive enhancement, which will add advanced interaction controls to any HTML table.",
            "homepage": "http://www.datatables.net/",
            "support": {
                "forum": "https://datatables.net/forums",
                "source": "https://github.com/DataTables/DataTablesSrc/"
            },
            "time": "2020-05-21T10:08:44+00:00"
        },
        {
            "name": "fortawesome/font-awesome",
            "version": "5.15.4",
            "source": {
                "type": "git",
                "url": "https://github.com/FortAwesome/Font-Awesome.git",
                "reference": "7d3d774145ac38663f6d1effc6def0334b68ab7e"
            },
            "dist": {
                "type": "zip",
                "url": "https://api.github.com/repos/FortAwesome/Font-Awesome/zipball/7d3d774145ac38663f6d1effc6def0334b68ab7e",
                "reference": "7d3d774145ac38663f6d1effc6def0334b68ab7e",
                "shasum": ""
            },
            "type": "library",
            "notification-url": "https://packagist.org/downloads/",
            "license": [
                "CC-BY-4.0",
                "OFL-1.1",
                "MIT"
            ],
            "authors": [
                {
                    "name": "Travis Chase",
                    "homepage": "http://twitter.com/supercodepoet"
                },
                {
                    "name": "Dave Gandy",
                    "homepage": "http://twitter.com/davegandy"
                },
                {
                    "name": "Rob Madole",
                    "homepage": "http://twitter.com/robmadole"
                },
                {
                    "name": "Jory Raphael",
                    "homepage": "http://twitter.com/sensibleworld"
                },
                {
                    "name": "Geremia Taglialatela",
                    "homepage": "http://twitter.com/gtagliala"
                },
                {
                    "name": "Brian Talbot",
                    "homepage": "http://twitter.com/talbs"
                },
                {
                    "name": "Mike Wilkerson",
                    "homepage": "http://twitter.com/mw77"
                }
            ],
            "description": "The iconic font, CSS, and SVG framework",
            "homepage": "https://fontawesome.com",
            "keywords": [
                "FontAwesome",
                "awesome",
                "bootstrap",
                "font",
                "icon",
                "svg"
            ],
            "support": {
                "docs": "http://fontawesome.com/how-to-use",
                "email": "hello@fontawesome.com",
                "issues": "https://github.com/FortAwesome/Font-Awesome/issues",
                "source": "https://github.com/FortAwesome/Font-Awesome"
            },
            "time": "2021-08-04T19:09:22+00:00"
        },
        {
            "name": "oomphinc/composer-installers-extender",
            "version": "2.0.0",
            "source": {
                "type": "git",
                "url": "https://github.com/oomphinc/composer-installers-extender.git",
                "reference": "8d3fe38a1723e0e91076920c8bb946b1696e28ca"
            },
            "dist": {
                "type": "zip",
                "url": "https://api.github.com/repos/oomphinc/composer-installers-extender/zipball/8d3fe38a1723e0e91076920c8bb946b1696e28ca",
                "reference": "8d3fe38a1723e0e91076920c8bb946b1696e28ca",
                "shasum": ""
            },
            "require": {
                "composer-plugin-api": "^1.1 || ^2.0",
                "composer/installers": "^1.0",
                "php": ">=7.1"
            },
            "require-dev": {
                "composer/composer": "^2.0",
                "phpunit/phpunit": "^7.2",
                "squizlabs/php_codesniffer": "^3.3"
            },
            "type": "composer-plugin",
            "extra": {
                "class": "OomphInc\\ComposerInstallersExtender\\Plugin"
            },
            "autoload": {
                "psr-4": {
                    "OomphInc\\ComposerInstallersExtender\\": "src/"
                }
            },
            "notification-url": "https://packagist.org/downloads/",
            "license": [
                "MIT"
            ],
            "authors": [
                {
                    "name": "Stephen Beemsterboer",
                    "email": "stephen@oomphinc.com",
                    "homepage": "https://github.com/balbuf"
                },
                {
                    "name": "Nathan Dentzau",
                    "email": "nate@oomphinc.com",
                    "homepage": "http://oomph.is/ndentzau"
                }
            ],
            "description": "Extend the composer/installers plugin to accept any arbitrary package type.",
            "homepage": "http://www.oomphinc.com/",
            "support": {
                "issues": "https://github.com/oomphinc/composer-installers-extender/issues",
                "source": "https://github.com/oomphinc/composer-installers-extender/tree/2.0.0"
            },
            "time": "2020-08-11T21:06:11+00:00"
        },
        {
            "name": "snapappointments/bootstrap-select",
            "version": "v1.13.18",
            "source": {
                "type": "git",
                "url": "https://github.com/snapappointments/bootstrap-select.git",
                "reference": "6c4c75f61e69ca54d5ab557a2b90ffdccf1c63cd"
            },
            "dist": {
                "type": "zip",
                "url": "https://api.github.com/repos/snapappointments/bootstrap-select/zipball/6c4c75f61e69ca54d5ab557a2b90ffdccf1c63cd",
                "reference": "6c4c75f61e69ca54d5ab557a2b90ffdccf1c63cd",
                "shasum": ""
            },
            "suggest": {
                "components/jquery": "1.9.1 - 3",
                "twbs/bootstrap": ">=3.0.0"
            },
            "type": "library",
            "notification-url": "https://packagist.org/downloads/",
            "license": [
                "MIT"
            ],
            "authors": [
                {
                    "name": "Casey Holzer",
                    "homepage": "https://github.com/caseyjhol"
                },
                {
                    "name": "Silvio Moreto",
                    "homepage": "https://github.com/silviomoreto"
                },
                {
                    "name": "SnapAppointments, LLC",
                    "homepage": "https://snapappointments.com"
                }
            ],
            "description": "The jQuery plugin that brings select elements into the 21st century with intuitive multiselection, searching, and much more. Now with Bootstrap 4 support.",
            "homepage": "https://developer.snapappointments.com/bootstrap-select",
            "keywords": [
                "bootstrap",
                "dropdown",
                "form",
                "javascript",
                "jquery",
                "replacement",
                "select"
            ],
            "support": {
                "issues": "https://github.com/snapappointments/bootstrap-select/issues",
                "source": "https://github.com/snapappointments/bootstrap-select/tree/v1.13.18"
            },
            "funding": [
                {
                    "url": "https://github.com/caseyjhol",
                    "type": "github"
                }
            ],
            "time": "2020-06-26T18:04:14+00:00"
        },
        {
            "name": "twbs/bootstrap",
            "version": "v4.6.0",
            "source": {
                "type": "git",
                "url": "https://github.com/twbs/bootstrap.git",
                "reference": "6ffb0b48e455430f8a5359ed689ad64c1143fac2"
            },
            "dist": {
                "type": "zip",
                "url": "https://api.github.com/repos/twbs/bootstrap/zipball/6ffb0b48e455430f8a5359ed689ad64c1143fac2",
                "reference": "6ffb0b48e455430f8a5359ed689ad64c1143fac2",
                "shasum": ""
            },
            "replace": {
                "twitter/bootstrap": "self.version"
            },
            "type": "library",
            "extra": {
                "branch-alias": {
                    "dev-master": "3.3.x-dev"
                }
            },
            "notification-url": "https://packagist.org/downloads/",
            "license": [
                "MIT"
            ],
            "authors": [
                {
                    "name": "Mark Otto",
                    "email": "markdotto@gmail.com"
                },
                {
                    "name": "Jacob Thornton",
                    "email": "jacobthornton@gmail.com"
                }
            ],
            "description": "The most popular front-end framework for developing responsive, mobile first projects on the web.",
            "homepage": "https://getbootstrap.com/",
            "keywords": [
                "JS",
                "css",
                "framework",
                "front-end",
                "mobile-first",
                "responsive",
                "sass",
                "web"
            ],
            "support": {
                "issues": "https://github.com/twbs/bootstrap/issues",
                "source": "https://github.com/twbs/bootstrap/tree/v4.6.0"
            },
            "funding": [
                {
                    "url": "https://opencollective.com/bootstrap",
                    "type": "open_collective"
                }
            ],
            "time": "2021-01-19T16:16:38+00:00"
        }
    ],
    "packages-dev": [
        {
            "name": "mikey179/vfsstream",
            "version": "v1.1.0",
            "source": {
                "type": "git",
                "url": "https://github.com/bovigo/vfsStream.git",
                "reference": "fc0fe8f4d0b527254a2dc45f0c265567c881d07e"
            },
            "dist": {
                "type": "zip",
                "url": "https://api.github.com/repos/bovigo/vfsStream/zipball/fc0fe8f4d0b527254a2dc45f0c265567c881d07e",
                "reference": "fc0fe8f4d0b527254a2dc45f0c265567c881d07e",
                "shasum": ""
            },
            "require": {
                "php": ">=5.3.0"
            },
            "type": "library",
            "autoload": {
                "psr-0": {
                    "org\\bovigo\\vfs": "src/main/php"
                }
            },
            "notification-url": "https://packagist.org/downloads/",
            "license": [
                "BSD"
            ],
            "homepage": "http://vfs.bovigo.org/",
            "support": {
                "issues": "https://github.com/bovigo/vfsStream/issues",
                "source": "https://github.com/bovigo/vfsStream/tree/v1.1.0"
            },
            "time": "2012-08-25T12:49:29+00:00"
        }
    ],
    "aliases": [],
    "minimum-stability": "stable",
    "stability-flags": {
        "andri-sudarmawijaya/theme-core-ui": 20,
        "andri-sudarmawijaya/codeigniter-smarty-acl": 15
    },
    "prefer-stable": false,
    "prefer-lowest": false,
    "platform": {
        "php": ">=5.3.2"
    },
    "platform-dev": [],
    "plugin-api-version": "2.1.0"
}
